
Microsoft Visual Studio Solution File, Format Version 12.00
# Visual Studio Version 17
VisualStudioVersion = 17.1.32228.430
MinimumVisualStudioVersion = 10.0.40219.1
Project("{FAE04EC0-301F-11D3-BF4B-00C04F79EFBC}") = "urok2", "urok2\urok2.csproj", "{A3628DC2-56C4-4A57-AADD-1A42BED24724}"
EndProject
Global
	GlobalSection(SolutionConfigurationPlatforms) = preSolution
		Debug|Any CPU = Debug|Any CPU
		Release|Any CPU = Release|Any CPU
	EndGlobalSection
	GlobalSection(ProjectConfigurationPlatforms) = postSolution
		{A3628DC2-56C4-4A57-AADD-1A42BED24724}.Debug|Any CPU.ActiveCfg = Debug|Any CPU
		{A3628DC2-56C4-4A57-AADD-1A42BED24724}.Debug|Any CPU.Build.0 = Debug|Any CPU
		{A3628DC2-56C4-4A57-AADD-1A42BED24724}.Release|Any CPU.ActiveCfg = Release|Any CPU
		{A3628DC2-56C4-4A57-AADD-1A42BED24724}.Release|Any CPU.Build.0 = Release|Any CPU
	EndGlobalSection
	GlobalSection(SolutionProperties) = preSolution
		HideSolutionNode = FALSE
	EndGlobalSection
	GlobalSection(ExtensibilityGlobals) = postSolution
		SolutionGuid = {94B9397A-38B0-4A95-929E-1ECD1F6C7A69}
	EndGlobalSection
EndGlobal
